{
  "name": "roopaprj",
  "version": "1.0.0",
  "lockfileVersion": 1,
  "requires": true,
  "dependencies": {
    "komalecom": {
      "version": "1.0.3",
      "resolved": "https://registry.npmjs.org/komalecom/-/komalecom-1.0.3.tgz",
      "integrity": "sha512-APFurDhQ3zjGKgXjiMB9Jy7zIGfT8IibbX/781gfvVjdl1Fu4LGvh3GPaY+Xlti1stfSAHcTmNV0GCLysZQqZA==",
      "requires": {
        "sandeeptest": "^1.0.0",
        "shiva_project": "^1.0.0"
      }
    },
    "sandeeptest": {
      "version": "1.1.0",
      "resolved": "https://registry.npmjs.org/sandeeptest/-/sandeeptest-1.1.0.tgz",
      "integrity": "sha512-f+nClI7uvIkbP+rFTvUlfbM6XCyVEVwNwTjwL0o3fxSXrBDzRD8sp1e3EOtDMqn7YXsfS1RKmAcZlC5V5zj9Kw==",
      "requires": {
        "shiva_project": "^1.0.0"
      }
    },
    "shiva_project": {
      "version": "1.0.0",
      "resolved": "https://registry.npmjs.org/shiva_project/-/shiva_project-1.0.0.tgz",
      "integrity": "sha512-s8w6Il8Bn+2dWXAPL/c91IuZLD2Ns4NhHPZQAtlLJEFCR8bIEOlw5TJvdjyT4MFnZB1EdRGj1xofbJ09DUNszw=="
    },
    "ushaprj": {
      "version": "1.0.0",
      "resolved": "https://registry.npmjs.org/ushaprj/-/ushaprj-1.0.0.tgz",
      "integrity": "sha512-eZJyTirjyouwkoxiRvCFRfGW2XBHT5wsBZZYam0QIe1kV6WlldTsouxAc+uu42LL3908BTaoDuH4/In8fLGMLg=="
    }
  }
}
